
Microsoft Visual Studio Solution File, Format Version 12.00
# Visual Studio Version 16
VisualStudioVersion = 16.0.30104.148
MinimumVisualStudioVersion = 10.0.40219.1
Project("{9A19103F-16F7-4668-BE54-9A1E7A4F7556}") = "University", "University\University.csproj", "{42EA873D-4F1E-420B-BDEA-111BE4795828}"
EndProject
Project("{9A19103F-16F7-4668-BE54-9A1E7A4F7556}") = "DataAccessLayer", "DataAccessLayer\DataAccessLayer.csproj", "{8C0E8B37-234C-4EB2-936C-A05FE5371CE9}"
EndProject
Project("{9A19103F-16F7-4668-BE54-9A1E7A4F7556}") = "BusinessLogicLayer", "BusinessLogicLayer\BusinessLogicLayer.csproj", "{CBEDE940-55C3-471E-90A1-428DC5A521C7}"
EndProject
Global
	GlobalSection(SolutionConfigurationPlatforms) = preSolution
		Debug|Any CPU = Debug|Any CPU
		Release|Any CPU = Release|Any CPU
	EndGlobalSection
	GlobalSection(ProjectConfigurationPlatforms) = postSolution
		{42EA873D-4F1E-420B-BDEA-111BE4795828}.Debug|Any CPU.ActiveCfg = Debug|Any CPU
		{42EA873D-4F1E-420B-BDEA-111BE4795828}.Debug|Any CPU.Build.0 = Debug|Any CPU
		{42EA873D-4F1E-420B-BDEA-111BE4795828}.Release|Any CPU.ActiveCfg = Release|Any CPU
		{42EA873D-4F1E-420B-BDEA-111BE4795828}.Release|Any CPU.Build.0 = Release|Any CPU
		{8C0E8B37-234C-4EB2-936C-A05FE5371CE9}.Debug|Any CPU.ActiveCfg = Debug|Any CPU
		{8C0E8B37-234C-4EB2-936C-A05FE5371CE9}.Debug|Any CPU.Build.0 = Debug|Any CPU
		{8C0E8B37-234C-4EB2-936C-A05FE5371CE9}.Release|Any CPU.ActiveCfg = Release|Any CPU
		{8C0E8B37-234C-4EB2-936C-A05FE5371CE9}.Release|Any CPU.Build.0 = Release|Any CPU
		{CBEDE940-55C3-471E-90A1-428DC5A521C7}.Debug|Any CPU.ActiveCfg = Debug|Any CPU
		{CBEDE940-55C3-471E-90A1-428DC5A521C7}.Debug|Any CPU.Build.0 = Debug|Any CPU
		{CBEDE940-55C3-471E-90A1-428DC5A521C7}.Release|Any CPU.ActiveCfg = Release|Any CPU
		{CBEDE940-55C3-471E-90A1-428DC5A521C7}.Release|Any CPU.Build.0 = Release|Any CPU
	EndGlobalSection
	GlobalSection(SolutionProperties) = preSolution
		HideSolutionNode = FALSE
	EndGlobalSection
	GlobalSection(ExtensibilityGlobals) = postSolution
		SolutionGuid = {EEDC0EDB-18B2-4603-8DC7-8C5EC082DBCC}
	EndGlobalSection
EndGlobal
